
Microsoft Visual Studio Solution File, Format Version 10.00
# Visual C# Express 2008
Project("{FAE04EC0-301F-11D3-BF4B-00C04F79EFBC}") = "TestTask2DrawFigures", "TestTask2DrawFigures\TestTask2DrawFigures.csproj", "{CB86B2DF-3D5C-48DF-BBCB-4710A32CB443}"
EndProject
Global
	GlobalSection(SolutionConfigurationPlatforms) = preSolution
		Debug|Any CPU = Debug|Any CPU
		Release|Any CPU = Release|Any CPU
	EndGlobalSection
	GlobalSection(ProjectConfigurationPlatforms) = postSolution
		{CB86B2DF-3D5C-48DF-BBCB-4710A32CB443}.Debug|Any CPU.ActiveCfg = Debug|Any CPU
		{CB86B2DF-3D5C-48DF-BBCB-4710A32CB443}.Debug|Any CPU.Build.0 = Debug|Any CPU
		{CB86B2DF-3D5C-48DF-BBCB-4710A32CB443}.Release|Any CPU.ActiveCfg = Release|Any CPU
		{CB86B2DF-3D5C-48DF-BBCB-4710A32CB443}.Release|Any CPU.Build.0 = Release|Any CPU
	EndGlobalSection
	GlobalSection(SolutionProperties) = preSolution
		HideSolutionNode = FALSE
	EndGlobalSection
EndGlobal
